
Microsoft Visual Studio Solution File, Format Version 12.00
Project("{FAE04EC0-301F-11D3-BF4B-00C04F79EFBC}") = "UploadingDocxAPI", "UploadingDocxAPI\UploadingDocxAPI.csproj", "{6430B34C-6AF3-4F26-95B5-04D72A54FA3E}"
EndProject
Project("{FAE04EC0-301F-11D3-BF4B-00C04F79EFBC}") = "UploadingDocxApi.Test", "UploadingDocxApi.Test\UploadingDocxApi.Test.csproj", "{AD33EE3B-D2AA-4917-AB2C-AD4812BCED64}"
EndProject
Global
	GlobalSection(SolutionConfigurationPlatforms) = preSolution
		Debug|Any CPU = Debug|Any CPU
		Release|Any CPU = Release|Any CPU
	EndGlobalSection
	GlobalSection(ProjectConfigurationPlatforms) = postSolution
		{6430B34C-6AF3-4F26-95B5-04D72A54FA3E}.Debug|Any CPU.ActiveCfg = Debug|Any CPU
		{6430B34C-6AF3-4F26-95B5-04D72A54FA3E}.Debug|Any CPU.Build.0 = Debug|Any CPU
		{6430B34C-6AF3-4F26-95B5-04D72A54FA3E}.Release|Any CPU.ActiveCfg = Release|Any CPU
		{6430B34C-6AF3-4F26-95B5-04D72A54FA3E}.Release|Any CPU.Build.0 = Release|Any CPU
		{AD33EE3B-D2AA-4917-AB2C-AD4812BCED64}.Debug|Any CPU.ActiveCfg = Debug|Any CPU
		{AD33EE3B-D2AA-4917-AB2C-AD4812BCED64}.Debug|Any CPU.Build.0 = Debug|Any CPU
		{AD33EE3B-D2AA-4917-AB2C-AD4812BCED64}.Release|Any CPU.ActiveCfg = Release|Any CPU
		{AD33EE3B-D2AA-4917-AB2C-AD4812BCED64}.Release|Any CPU.Build.0 = Release|Any CPU
	EndGlobalSection
EndGlobal
